// !$*UTF8*$!
{
	archiveVersion = 1;
	classes = {
	};
	objectVersion = 77;
	objects = {

/* Begin PBXBuildFile section */
		59D36EE630A13DC0779F6010 /* NoctCordApplication.swift in Sources */ = {isa = PBXBuildFile; fileRef = 46D81019F3BAA7C7660A1ABD /* NoctCordApplication.swift */; };
		A512CC269A8C83D3CD85C038 /* NoctCordIcon.icns in Resources */ = {isa = PBXBuildFile; fileRef = 53CA7D94B30D658B84AEE35E /* NoctCordIcon.icns */; };
		E644A0E835D9CD5485CAFE50 /* NoctCordUI in Frameworks */ = {isa = PBXBuildFile; productRef = FE3C618E84327AA6210D126F /* NoctCordUI */; };
		F5083C96B780A59FBD4E9DF3 /* PrivacyInfo.xcprivacy in Resources */ = {isa = PBXBuildFile; fileRef = 92DD5DC21019BED9E792ECFE /* PrivacyInfo.xcprivacy */; };
/* End PBXBuildFile section */

/* Begin PBXFileReference section */
		34401E84FEEA9038DF112A0F /* NoctCordApp.app */ = {isa = PBXFileReference; explicitFileType = wrapper.application; includeInIndex = 0; path = NoctCordApp.app; sourceTree = BUILT_PRODUCTS_DIR; };
		46D81019F3BAA7C7660A1ABD /* NoctCordApplication.swift */ = {isa = PBXFileReference; lastKnownFileType = sourcecode.swift; path = NoctCordApplication.swift; sourceTree = "<group>"; };
		53CA7D94B30D658B84AEE35E /* NoctCordIcon.icns */ = {isa = PBXFileReference; lastKnownFileType = image.icns; path = NoctCordIcon.icns; sourceTree = "<group>"; };
		92DD5DC21019BED9E792ECFE /* PrivacyInfo.xcprivacy */ = {isa = PBXFileReference; path = PrivacyInfo.xcprivacy; sourceTree = "<group>"; };
		E6CD9451AD56AFE9A420BCB4 /* NoctCord */ = {isa = PBXFileReference; lastKnownFileType = folder; name = NoctCord; path = .; sourceTree = SOURCE_ROOT; };
/* End PBXFileReference section */

/* Begin PBXFrameworksBuildPhase section */
		8ED705F5B66B60805E6155E3 /* Frameworks */ = {
			isa = PBXFrameworksBuildPhase;
			buildActionMask = 2147483647;
			files = (
				E644A0E835D9CD5485CAFE50 /* NoctCordUI in Frameworks */,
			);
			runOnlyForDeploymentPostprocessing = 0;
		};
/* End PBXFrameworksBuildPhase section */

/* Begin PBXGroup section */
		0CABA4A9DAFAB086A607D464 /* NoctCordApp */ = {
			isa = PBXGroup;
			children = (
				46D81019F3BAA7C7660A1ABD /* NoctCordApplication.swift */,
			);
			name = NoctCordApp;
			path = Sources/NoctCordApp;
			sourceTree = "<group>";
		};
		72ACF3D2AEE5938800C190E1 /* Resources */ = {
			isa = PBXGroup;
			children = (
				53CA7D94B30D658B84AEE35E /* NoctCordIcon.icns */,
				92DD5DC21019BED9E792ECFE /* PrivacyInfo.xcprivacy */,
			);
			path = Resources;
			sourceTree = "<group>";
		};
		AF47D54E97A16583EE956AAB /* Packages */ = {
			isa = PBXGroup;
			children = (
				E6CD9451AD56AFE9A420BCB4 /* NoctCord */,
			);
			name = Packages;
			sourceTree = "<group>";
		};
		B3BD40ABB8E023428406D0C8 = {
			isa = PBXGroup;
			children = (
				0CABA4A9DAFAB086A607D464 /* NoctCordApp */,
				AF47D54E97A16583EE956AAB /* Packages */,
				72ACF3D2AEE5938800C190E1 /* Resources */,
				E7EB872B5AE9225B19A9BA9C /* Products */,
			);
			sourceTree = "<group>";
		};
		E7EB872B5AE9225B19A9BA9C /* Products */ = {
			isa = PBXGroup;
			children = (
				34401E84FEEA9038DF112A0F /* NoctCordApp.app */,
			);
			name = Products;
			sourceTree = "<group>";
		};
/* End PBXGroup section */

/* Begin PBXNativeTarget section */
		1E4D2CAE2D7D8B1224034E99 /* NoctCordApp */ = {
			isa = PBXNativeTarget;
			buildConfigurationList = E589C6E3FA3B8EE42DCE881B /* Build configuration list for PBXNativeTarget "NoctCordApp" */;
			buildPhases = (
				7DE2BFE231924129F4FCC723 /* Sources */,
				E638513D338045743E4F35C6 /* Resources */,
				8ED705F5B66B60805E6155E3 /* Frameworks */,
			);
			buildRules = (
			);
			dependencies = (
			);
			name = NoctCordApp;
			packageProductDependencies = (
				FE3C618E84327AA6210D126F /* NoctCordUI */,
			);
			productName = NoctCordApp;
			productReference = 34401E84FEEA9038DF112A0F /* NoctCordApp.app */;
			productType = "com.apple.product-type.application";
		};
/* End PBXNativeTarget section */

/* Begin PBXProject section */
		56950EC9A586C9652ACD2768 /* Project object */ = {
			isa = PBXProject;
			attributes = {
				BuildIndependentTargetsInParallel = YES;
				LastUpgradeCheck = 1430;
				TargetAttributes = {
					1E4D2CAE2D7D8B1224034E99 = {
						DevelopmentTeam = 9MY7SXN56X;
						ProvisioningStyle = Automatic;
					};
				};
			};
			buildConfigurationList = 1D2BF0886CC86626566E7603 /* Build configuration list for PBXProject "NoctCord" */;
			developmentRegion = en;
			hasScannedForEncodings = 0;
			knownRegions = (
				Base,
				en,
			);
			mainGroup = B3BD40ABB8E023428406D0C8;
			minimizedProjectReferenceProxies = 1;
			packageReferences = (
				12EFA33D112394D5B87FDC2E /* XCLocalSwiftPackageReference "." */,
			);
			preferredProjectObjectVersion = 77;
			productRefGroup = E7EB872B5AE9225B19A9BA9C /* Products */;
			projectDirPath = "";
			projectRoot = "";
			targets = (
				1E4D2CAE2D7D8B1224034E99 /* NoctCordApp */,
			);
		};
/* End PBXProject section */

/* Begin PBXResourcesBuildPhase section */
		E638513D338045743E4F35C6 /* Resources */ = {
			isa = PBXResourcesBuildPhase;
			buildActionMask = 2147483647;
			files = (
				A512CC269A8C83D3CD85C038 /* NoctCordIcon.icns in Resources */,
				F5083C96B780A59FBD4E9DF3 /* PrivacyInfo.xcprivacy in Resources */,
			);
			runOnlyForDeploymentPostprocessing = 0;
		};
/* End PBXResourcesBuildPhase section */

/* Begin PBXSourcesBuildPhase section */
		7DE2BFE231924129F4FCC723 /* Sources */ = {
			isa = PBXSourcesBuildPhase;
			buildActionMask = 2147483647;
			files = (
				59D36EE630A13DC0779F6010 /* NoctCordApplication.swift in Sources */,
			);
			runOnlyForDeploymentPostprocessing = 0;
		};
/* End PBXSourcesBuildPhase section */

/* Begin XCBuildConfiguration section */
		2E3BF07A62F759B64222CD12 /* Debug */ = {
			isa = XCBuildConfiguration;
			buildSettings = {
				ASSETCATALOG_COMPILER_APPICON_NAME = AppIcon;
				CODE_SIGN_ENTITLEMENTS = Resources/NoctCordApp.entitlements;
				COMBINE_HIDPI_IMAGES = YES;
				EXECUTABLE_NAME = NoctCordApp;
				GENERATE_INFOPLIST_FILE = NO;
				INFOPLIST_FILE = "Resources/NoctCordApp-Info.plist";
				LD_RUNPATH_SEARCH_PATHS = (
					"$(inherited)",
					"@executable_path/../Frameworks",
				);
				PRODUCT_BUNDLE_IDENTIFIER = org.noctweave.noctcord;
				PRODUCT_NAME = "Noct Cord";
				SDKROOT = macosx;
			};
			name = Debug;
		};
		481403E1237744421734FB62 /* Release */ = {
			isa = XCBuildConfiguration;
			buildSettings = {
				ALWAYS_SEARCH_USER_PATHS = NO;
				ARCHS = arm64;
				CLANG_ANALYZER_NONNULL = YES;
				CLANG_ANALYZER_NUMBER_OBJECT_CONVERSION = YES_AGGRESSIVE;
				CLANG_CXX_LANGUAGE_STANDARD = "gnu++14";
				CLANG_CXX_LIBRARY = "libc++";
				CLANG_ENABLE_MODULES = YES;
				CLANG_ENABLE_OBJC_ARC = YES;
				CLANG_ENABLE_OBJC_WEAK = YES;
				CLANG_WARN_BLOCK_CAPTURE_AUTORELEASING = YES;
				CLANG_WARN_BOOL_CONVERSION = YES;
				CLANG_WARN_COMMA = YES;
				CLANG_WARN_CONSTANT_CONVERSION = YES;
				CLANG_WARN_DEPRECATED_OBJC_IMPLEMENTATIONS = YES;
				CLANG_WARN_DIRECT_OBJC_ISA_USAGE = YES_ERROR;
				CLANG_WARN_DOCUMENTATION_COMMENTS = YES;
				CLANG_WARN_EMPTY_BODY = YES;
				CLANG_WARN_ENUM_CONVERSION = YES;
				CLANG_WARN_INFINITE_RECURSION = YES;
				CLANG_WARN_INT_CONVERSION = YES;
				CLANG_WARN_NON_LITERAL_NULL_CONVERSION = YES;
				CLANG_WARN_OBJC_IMPLICIT_RETAIN_SELF = YES;
				CLANG_WARN_OBJC_LITERAL_CONVERSION = YES;
				CLANG_WARN_OBJC_ROOT_CLASS = YES_ERROR;
				CLANG_WARN_QUOTED_INCLUDE_IN_FRAMEWORK_HEADER = YES;
				CLANG_WARN_RANGE_LOOP_ANALYSIS = YES;
				CLANG_WARN_STRICT_PROTOTYPES = YES;
				CLANG_WARN_SUSPICIOUS_MOVE = YES;
				CLANG_WARN_UNGUARDED_AVAILABILITY = YES_AGGRESSIVE;
				CLANG_WARN_UNREACHABLE_CODE = YES;
				CLANG_WARN__DUPLICATE_METHOD_MATCH = YES;
				CODE_SIGN_STYLE = Automatic;
				COPY_PHASE_STRIP = NO;
				CURRENT_PROJECT_VERSION = 5;
				DEBUG_INFORMATION_FORMAT = "dwarf-with-dsym";
				DEVELOPMENT_TEAM = 9MY7SXN56X;
				ENABLE_APP_SANDBOX = YES;
				ENABLE_HARDENED_RUNTIME = YES;
				ENABLE_NS_ASSERTIONS = NO;
				ENABLE_STRICT_OBJC_MSGSEND = YES;
				ENABLE_USER_SCRIPT_SANDBOXING = YES;
				GCC_C_LANGUAGE_STANDARD = gnu11;
				GCC_NO_COMMON_BLOCKS = YES;
				GCC_WARN_64_TO_32_BIT_CONVERSION = YES;
				GCC_WARN_ABOUT_RETURN_TYPE = YES_ERROR;
				GCC_WARN_UNDECLARED_SELECTOR = YES;
				GCC_WARN_UNINITIALIZED_AUTOS = YES_AGGRESSIVE;
				GCC_WARN_UNUSED_FUNCTION = YES;
				GCC_WARN_UNUSED_VARIABLE = YES;
				MACOSX_DEPLOYMENT_TARGET = 14.0;
				MARKETING_VERSION = 0.1.0;
				MTL_ENABLE_DEBUG_INFO = NO;
				MTL_FAST_MATH = YES;
				PRODUCT_NAME = "$(TARGET_NAME)";
				SDKROOT = macosx;
				SWIFT_COMPILATION_MODE = wholemodule;
				SWIFT_OPTIMIZATION_LEVEL = "-O";
				SWIFT_VERSION = 6.0;
			};
			name = Release;
		};
		4DF878FA408438AD18AED71D /* Release */ = {
			isa = XCBuildConfiguration;
			buildSettings = {
				ASSETCATALOG_COMPILER_APPICON_NAME = AppIcon;
				CODE_SIGN_ENTITLEMENTS = Resources/NoctCordApp.entitlements;
				COMBINE_HIDPI_IMAGES = YES;
				EXECUTABLE_NAME = NoctCordApp;
				GENERATE_INFOPLIST_FILE = NO;
				INFOPLIST_FILE = "Resources/NoctCordApp-Info.plist";
				LD_RUNPATH_SEARCH_PATHS = (
					"$(inherited)",
					"@executable_path/../Frameworks",
				);
				PRODUCT_BUNDLE_IDENTIFIER = org.noctweave.noctcord;
				PRODUCT_NAME = "Noct Cord";
				SDKROOT = macosx;
			};
			name = Release;
		};
		F7E7C08E8720B581CCA77CE5 /* Debug */ = {
			isa = XCBuildConfiguration;
			buildSettings = {
				ALWAYS_SEARCH_USER_PATHS = NO;
				ARCHS = arm64;
				CLANG_ANALYZER_NONNULL = YES;
				CLANG_ANALYZER_NUMBER_OBJECT_CONVERSION = YES_AGGRESSIVE;
				CLANG_CXX_LANGUAGE_STANDARD = "gnu++14";
				CLANG_CXX_LIBRARY = "libc++";
				CLANG_ENABLE_MODULES = YES;
				CLANG_ENABLE_OBJC_ARC = YES;
				CLANG_ENABLE_OBJC_WEAK = YES;
				CLANG_WARN_BLOCK_CAPTURE_AUTORELEASING = YES;
				CLANG_WARN_BOOL_CONVERSION = YES;
				CLANG_WARN_COMMA = YES;
				CLANG_WARN_CONSTANT_CONVERSION = YES;
				CLANG_WARN_DEPRECATED_OBJC_IMPLEMENTATIONS = YES;
				CLANG_WARN_DIRECT_OBJC_ISA_USAGE = YES_ERROR;
				CLANG_WARN_DOCUMENTATION_COMMENTS = YES;
				CLANG_WARN_EMPTY_BODY = YES;
				CLANG_WARN_ENUM_CONVERSION = YES;
				CLANG_WARN_INFINITE_RECURSION = YES;
				CLANG_WARN_INT_CONVERSION = YES;
				CLANG_WARN_NON_LITERAL_NULL_CONVERSION = YES;
				CLANG_WARN_OBJC_IMPLICIT_RETAIN_SELF = YES;
				CLANG_WARN_OBJC_LITERAL_CONVERSION = YES;
				CLANG_WARN_OBJC_ROOT_CLASS = YES_ERROR;
				CLANG_WARN_QUOTED_INCLUDE_IN_FRAMEWORK_HEADER = YES;
				CLANG_WARN_RANGE_LOOP_ANALYSIS = YES;
				CLANG_WARN_STRICT_PROTOTYPES = YES;
				CLANG_WARN_SUSPICIOUS_MOVE = YES;
				CLANG_WARN_UNGUARDED_AVAILABILITY = YES_AGGRESSIVE;
				CLANG_WARN_UNREACHABLE_CODE = YES;
				CLANG_WARN__DUPLICATE_METHOD_MATCH = YES;
				CODE_SIGN_STYLE = Automatic;
				COPY_PHASE_STRIP = NO;
				CURRENT_PROJECT_VERSION = 5;
				DEBUG_INFORMATION_FORMAT = "dwarf-with-dsym";
				DEVELOPMENT_TEAM = 9MY7SXN56X;
				ENABLE_APP_SANDBOX = YES;
				ENABLE_HARDENED_RUNTIME = YES;
				ENABLE_STRICT_OBJC_MSGSEND = YES;
				ENABLE_TESTABILITY = YES;
				ENABLE_USER_SCRIPT_SANDBOXING = YES;
				GCC_C_LANGUAGE_STANDARD = gnu11;
				GCC_DYNAMIC_NO_PIC = NO;
				GCC_NO_COMMON_BLOCKS = YES;
				GCC_OPTIMIZATION_LEVEL = 0;
				GCC_PREPROCESSOR_DEFINITIONS = (
					"$(inherited)",
					"DEBUG=1",
				);
				GCC_WARN_64_TO_32_BIT_CONVERSION = YES;
				GCC_WARN_ABOUT_RETURN_TYPE = YES_ERROR;
				GCC_WARN_UNDECLARED_SELECTOR = YES;
				GCC_WARN_UNINITIALIZED_AUTOS = YES_AGGRESSIVE;
				GCC_WARN_UNUSED_FUNCTION = YES;
				GCC_WARN_UNUSED_VARIABLE = YES;
				MACOSX_DEPLOYMENT_TARGET = 14.0;
				MARKETING_VERSION = 0.1.0;
				MTL_ENABLE_DEBUG_INFO = INCLUDE_SOURCE;
				MTL_FAST_MATH = YES;
				ONLY_ACTIVE_ARCH = YES;
				PRODUCT_NAME = "$(TARGET_NAME)";
				SDKROOT = macosx;
				SWIFT_ACTIVE_COMPILATION_CONDITIONS = DEBUG;
				SWIFT_OPTIMIZATION_LEVEL = "-Onone";
				SWIFT_VERSION = 6.0;
			};
			name = Debug;
		};
/* End XCBuildConfiguration section */

/* Begin XCConfigurationList section */
		1D2BF0886CC86626566E7603 /* Build configuration list for PBXProject "NoctCord" */ = {
			isa = XCConfigurationList;
			buildConfigurations = (
				F7E7C08E8720B581CCA77CE5 /* Debug */,
				481403E1237744421734FB62 /* Release */,
			);
			defaultConfigurationIsVisible = 0;
			defaultConfigurationName = Debug;
		};
		E589C6E3FA3B8EE42DCE881B /* Build configuration list for PBXNativeTarget "NoctCordApp" */ = {
			isa = XCConfigurationList;
			buildConfigurations = (
				2E3BF07A62F759B64222CD12 /* Debug */,
				4DF878FA408438AD18AED71D /* Release */,
			);
			defaultConfigurationIsVisible = 0;
			defaultConfigurationName = Debug;
		};
/* End XCConfigurationList section */

/* Begin XCLocalSwiftPackageReference section */
		12EFA33D112394D5B87FDC2E /* XCLocalSwiftPackageReference "." */ = {
			isa = XCLocalSwiftPackageReference;
			relativePath = .;
		};
/* End XCLocalSwiftPackageReference section */

/* Begin XCSwiftPackageProductDependency section */
		FE3C618E84327AA6210D126F /* NoctCordUI */ = {
			isa = XCSwiftPackageProductDependency;
			productName = NoctCordUI;
		};
/* End XCSwiftPackageProductDependency section */
	};
	rootObject = 56950EC9A586C9652ACD2768 /* Project object */;
}
